
Microsoft Visual Studio Solution File, Format Version 12.00
# Visual Studio Version 17
VisualStudioVersion = 17.2.32519.379
MinimumVisualStudioVersion = 10.0.40219.1
Project("{FAE04EC0-301F-11D3-BF4B-00C04F79EFBC}") = "Q1", "Q1\Q1.csproj", "{A89644FE-01CB-419A-80FF-02A743C0526F}"
EndProject
Global
	GlobalSection(SolutionConfigurationPlatforms) = preSolution
		Debug|Any CPU = Debug|Any CPU
		Release|Any CPU = Release|Any CPU
	EndGlobalSection
	GlobalSection(ProjectConfigurationPlatforms) = postSolution
		{A89644FE-01CB-419A-80FF-02A743C0526F}.Debug|Any CPU.ActiveCfg = Debug|Any CPU
		{A89644FE-01CB-419A-80FF-02A743C0526F}.Debug|Any CPU.Build.0 = Debug|Any CPU
		{A89644FE-01CB-419A-80FF-02A743C0526F}.Release|Any CPU.ActiveCfg = Release|Any CPU
		{A89644FE-01CB-419A-80FF-02A743C0526F}.Release|Any CPU.Build.0 = Release|Any CPU
	EndGlobalSection
	GlobalSection(SolutionProperties) = preSolution
		HideSolutionNode = FALSE
	EndGlobalSection
	GlobalSection(ExtensibilityGlobals) = postSolution
		SolutionGuid = {826FD46C-B472-428A-AC2F-A99AB58A79AA}
	EndGlobalSection
EndGlobal
